{
  "name": "simple-output",
  "version": "1.0.0",
  "lockfileVersion": 1,
  "requires": true,
  "dependencies": {
    "ansi-regex": {
      "version": "2.1.1",
      "resolved": "https://registry.npmjs.org/ansi-regex/-/ansi-regex-2.1.1.tgz",
      "integrity": "sha1-w7M6te42DYbg5ijwRorn7yfWVN8=",
      "dev": true
    },
    "ansi-styles": {
      "version": "3.2.1",
      "resolved": "https://registry.npmjs.org/ansi-styles/-/ansi-styles-3.2.1.tgz",
      "integrity": "sha512-VT0ZI6kZRdTh8YyJw3SMbYm/u+NqfsAxEpWO0Pf9sq8/e94WxxOpPKx9FR1FlyCtOVDNOQ+8ntlqFxiRc+r5qA==",
      "requires": {
        "color-convert": "1.9.1"
      }
    },
    "array-differ": {
      "version": "1.0.0",
      "resolved": "https://registry.npmjs.org/array-differ/-/array-differ-1.0.0.tgz",
      "integrity": "sha1-7/UuN1gknTO+QCuLuOVkuytdQDE=",
      "dev": true
    },
    "array-union": {
      "version": "1.0.2",
      "resolved": "https://registry.npmjs.org/array-union/-/array-union-1.0.2.tgz",
      "integrity": "sha1-mjRBDk9OPaI96jdb5b5w8kd47Dk=",
      "dev": true,
      "requires": {
        "array-uniq": "1.0.3"
      }
    },
    "array-uniq": {
      "version": "1.0.3",
      "resolved": "https://registry.npmjs.org/array-uniq/-/array-uniq-1.0.3.tgz",
      "integrity": "sha1-r2rId6Jcx/dOBYiUdThY39sk/bY=",
      "dev": true
    },
    "arrify": {
      "version": "1.0.1",
      "resolved": "https://registry.npmjs.org/arrify/-/arrify-1.0.1.tgz",
      "integrity": "sha1-iYUI2iIm84DfkEcoRWhJwVAaSw0=",
      "dev": true
    },
    "async": {
      "version": "0.8.0",
      "resolved": "https://registry.npmjs.org/async/-/async-0.8.0.tgz",
      "integrity": "sha1-7mXsdymML/FFa8RBigUtDwZDURI=",
      "dev": true
    },
    "balanced-match": {
      "version": "1.0.0",
      "resolved": "https://registry.npmjs.org/balanced-match/-/balanced-match-1.0.0.tgz",
      "integrity": "sha1-ibTRmasr7kneFk6gK4nORi1xt2c=",
      "dev": true
    },
    "beeper": {
      "version": "1.1.1",
      "resolved": "https://registry.npmjs.org/beeper/-/beeper-1.1.1.tgz",
      "integrity": "sha1-5tXqjF2tABMEpwsiY4RH9pyy+Ak=",
      "dev": true
    },
    "brace-expansion": {
      "version": "1.1.11",
      "resolved": "https://registry.npmjs.org/brace-expansion/-/brace-expansion-1.1.11.tgz",
      "integrity": "sha512-iCuPHDFgrHX7H2vEI/5xpz07zSHB00TpugqhmYtVmMO6518mCuRMoOYFldEBl0g187ufozdaHgWKcYFb61qGiA==",
      "dev": true,
      "requires": {
        "balanced-match": "1.0.0",
        "concat-map": "0.0.1"
      }
    },
    "chalk": {
      "version": "2.3.2",
      "resolved": "https://registry.npmjs.org/chalk/-/chalk-2.3.2.tgz",
      "integrity": "sha512-ZM4j2/ld/YZDc3Ma8PgN7gyAk+kHMMMyzLNryCPGhWrsfAuDVeuid5bpRFTDgMH9JBK2lA4dyyAkkZYF/WcqDQ==",
      "requires": {
        "ansi-styles": "3.2.1",
        "escape-string-regexp": "1.0.5",
        "supports-color": "5.3.0"
      }
    },
    "cli": {
      "version": "1.0.1",
      "resolved": "https://registry.npmjs.org/cli/-/cli-1.0.1.tgz",
      "integrity": "sha1-IoF1NPJL+klQw01TLUjsvGIbjBQ=",
      "dev": true,
      "requires": {
        "exit": "0.1.2",
        "glob": "7.1.2"
      }
    },
    "cli-color": {
      "version": "0.3.3",
      "resolved": "https://registry.npmjs.org/cli-color/-/cli-color-0.3.3.tgz",
      "integrity": "sha1-EtW90Vj/igsNtAEZiRPAPfBp9vU=",
      "dev": true,
      "requires": {
        "d": "0.1.1",
        "es5-ext": "0.10.42",
        "memoizee": "0.3.10",
        "timers-ext": "0.1.5"
      }
    },
    "color-convert": {
      "version": "1.9.1",
      "resolved": "https://registry.npmjs.org/color-convert/-/color-convert-1.9.1.tgz",
      "integrity": "sha512-mjGanIiwQJskCC18rPR6OmrZ6fm2Lc7PeGFYwCmy5J34wC6F1PzdGL6xeMfmgicfYcNLGuVFA3WzXtIDCQSZxQ==",
      "requires": {
        "color-name": "1.1.3"
      }
    },
    "color-name": {
      "version": "1.1.3",
      "resolved": "https://registry.npmjs.org/color-name/-/color-name-1.1.3.tgz",
      "integrity": "sha1-p9BVi9icQveV3UIyj3QIMcpTvCU="
    },
    "concat-map": {
      "version": "0.0.1",
      "resolved": "https://registry.npmjs.org/concat-map/-/concat-map-0.0.1.tgz",
      "integrity": "sha1-2Klr13/Wjfd5OnMDajug1UBdR3s=",
      "dev": true
    },
    "console-browserify": {
      "version": "1.1.0",
      "resolved": "https://registry.npmjs.org/console-browserify/-/console-browserify-1.1.0.tgz",
      "integrity": "sha1-8CQcRXMKn8YyOyBtvzjtx0HQuxA=",
      "dev": true,
      "requires": {
        "date-now": "0.1.4"
      }
    },
    "core-util-is": {
      "version": "1.0.2",
      "resolved": "https://registry.npmjs.org/core-util-is/-/core-util-is-1.0.2.tgz",
      "integrity": "sha1-tf1UIgqivFq1eqtxQMlAdUUDwac=",
      "dev": true
    },
    "d": {
      "version": "0.1.1",
      "resolved": "https://registry.npmjs.org/d/-/d-0.1.1.tgz",
      "integrity": "sha1-2hhMU10Y2O57oqoim5FACfrhEwk=",
      "dev": true,
      "requires": {
        "es5-ext": "0.10.42"
      }
    },
    "date-now": {
      "version": "0.1.4",
      "resolved": "https://registry.npmjs.org/date-now/-/date-now-0.1.4.tgz",
      "integrity": "sha1-6vQ5/U1ISK105cx9vvIAZyueNFs=",
      "dev": true
    },
    "date-time": {
      "version": "1.1.0",
      "resolved": "https://registry.npmjs.org/date-time/-/date-time-1.1.0.tgz",
      "integrity": "sha1-GIdtC9pMGf5w3Tv0sDTygbEqQLY=",
      "dev": true,
      "requires": {
        "time-zone": "0.1.0"
      }
    },
    "dom-serializer": {
      "version": "0.1.0",
      "resolved": "https://registry.npmjs.org/dom-serializer/-/dom-serializer-0.1.0.tgz",
      "integrity": "sha1-BzxpdUbOB4DOI75KKOKT5AvDDII=",
      "dev": true,
      "requires": {
        "domelementtype": "1.1.3",
        "entities": "1.1.1"
      },
      "dependencies": {
        "domelementtype": {
          "version": "1.1.3",
          "resolved": "https://registry.npmjs.org/domelementtype/-/domelementtype-1.1.3.tgz",
          "integrity": "sha1-vSh3PiZCiBrsUVRJJCmcXNgiGFs=",
          "dev": true
        },
        "entities": {
          "version": "1.1.1",
          "resolved": "https://registry.npmjs.org/entities/-/entities-1.1.1.tgz",
          "integrity": "sha1-blwtClYhtdra7O+AuQ7ftc13cvA=",
          "dev": true
        }
      }
    },
    "domelementtype": {
      "version": "1.3.0",
      "resolved": "https://registry.npmjs.org/domelementtype/-/domelementtype-1.3.0.tgz",
      "integrity": "sha1-sXrtguirWeUt2cGbF1bg/BhyBMI=",
      "dev": true
    },
    "domhandler": {
      "version": "2.3.0",
      "resolved": "https://registry.npmjs.org/domhandler/-/domhandler-2.3.0.tgz",
      "integrity": "sha1-LeWaCCLVAn+r/28DLCsloqir5zg=",
      "dev": true,
      "requires": {
        "domelementtype": "1.3.0"
      }
    },
    "domutils": {
      "version": "1.5.1",
      "resolved": "https://registry.npmjs.org/domutils/-/domutils-1.5.1.tgz",
      "integrity": "sha1-3NhIiib1Y9YQeeSMn3t+Mjc2gs8=",
      "dev": true,
      "requires": {
        "dom-serializer": "0.1.0",
        "domelementtype": "1.3.0"
      }
    },
    "entities": {
      "version": "1.0.0",
      "resolved": "https://registry.npmjs.org/entities/-/entities-1.0.0.tgz",
      "integrity": "sha1-sph6o4ITR/zeZCsk/fyeT7cSvyY=",
      "dev": true
    },
    "es5-ext": {
      "version": "0.10.42",
      "resolved": "https://registry.npmjs.org/es5-ext/-/es5-ext-0.10.42.tgz",
      "integrity": "sha512-AJxO1rmPe1bDEfSR6TJ/FgMFYuTBhR5R57KW58iCkYACMyFbrkqVyzXSurYoScDGvgyMpk7uRF/lPUPPTmsRSA==",
      "dev": true,
      "requires": {
        "es6-iterator": "2.0.3",
        "es6-symbol": "3.1.1",
        "next-tick": "1.0.0"
      }
    },
    "es6-iterator": {
      "version": "2.0.3",
      "resolved": "https://registry.npmjs.org/es6-iterator/-/es6-iterator-2.0.3.tgz",
      "integrity": "sha1-p96IkUGgWpSwhUQDstCg+/qY87c=",
      "dev": true,
      "requires": {
        "d": "1.0.0",
        "es5-ext": "0.10.42",
        "es6-symbol": "3.1.1"
      },
      "dependencies": {
        "d": {
          "version": "1.0.0",
          "resolved": "https://registry.npmjs.org/d/-/d-1.0.0.tgz",
          "integrity": "sha1-dUu1v+VUUdpppYuU1F9MWwRi1Y8=",
          "dev": true,
          "requires": {
            "es5-ext": "0.10.42"
          }
        }
      }
    },
    "es6-symbol": {
      "version": "3.1.1",
      "resolved": "https://registry.npmjs.org/es6-symbol/-/es6-symbol-3.1.1.tgz",
      "integrity": "sha1-vwDvT9q2uhtG7Le2KbTH7VcVzHc=",
      "dev": true,
      "requires": {
        "d": "1.0.0",
        "es5-ext": "0.10.42"
      },
      "dependencies": {
        "d": {
          "version": "1.0.0",
          "resolved": "https://registry.npmjs.org/d/-/d-1.0.0.tgz",
          "integrity": "sha1-dUu1v+VUUdpppYuU1F9MWwRi1Y8=",
          "dev": true,
          "requires": {
            "es5-ext": "0.10.42"
          }
        }
      }
    },
    "es6-weak-map": {
      "version": "0.1.4",
      "resolved": "https://registry.npmjs.org/es6-weak-map/-/es6-weak-map-0.1.4.tgz",
      "integrity": "sha1-cGzvnpmqI2undmwjnIueKG6n0ig=",
      "dev": true,
      "requires": {
        "d": "0.1.1",
        "es5-ext": "0.10.42",
        "es6-iterator": "0.1.3",
        "es6-symbol": "2.0.1"
      },
      "dependencies": {
        "es6-iterator": {
          "version": "0.1.3",
          "resolved": "https://registry.npmjs.org/es6-iterator/-/es6-iterator-0.1.3.tgz",
          "integrity": "sha1-1vWLjE/EE8JJtLqhl2j45NfIlE4=",
          "dev": true,
          "requires": {
            "d": "0.1.1",
            "es5-ext": "0.10.42",
            "es6-symbol": "2.0.1"
          }
        },
        "es6-symbol": {
          "version": "2.0.1",
          "resolved": "https://registry.npmjs.org/es6-symbol/-/es6-symbol-2.0.1.tgz",
          "integrity": "sha1-dhtcZ8/U8dGK+yNPaR1nhoLLO/M=",
          "dev": true,
          "requires": {
            "d": "0.1.1",
            "es5-ext": "0.10.42"
          }
        }
      }
    },
    "escape-string-regexp": {
      "version": "1.0.5",
      "resolved": "https://registry.npmjs.org/escape-string-regexp/-/escape-string-regexp-1.0.5.tgz",
      "integrity": "sha1-G2HAViGQqN/2rjuyzwIAyhMLhtQ="
    },
    "event-emitter": {
      "version": "0.3.5",
      "resolved": "https://registry.npmjs.org/event-emitter/-/event-emitter-0.3.5.tgz",
      "integrity": "sha1-34xp7vFkeSPHFXuc6DhAYQsCzDk=",
      "dev": true,
      "requires": {
        "d": "1.0.0",
        "es5-ext": "0.10.42"
      },
      "dependencies": {
        "d": {
          "version": "1.0.0",
          "resolved": "https://registry.npmjs.org/d/-/d-1.0.0.tgz",
          "integrity": "sha1-dUu1v+VUUdpppYuU1F9MWwRi1Y8=",
          "dev": true,
          "requires": {
            "es5-ext": "0.10.42"
          }
        }
      }
    },
    "exit": {
      "version": "0.1.2",
      "resolved": "https://registry.npmjs.org/exit/-/exit-0.1.2.tgz",
      "integrity": "sha1-BjJjj42HfMghB9MKD/8aF8uhzQw=",
      "dev": true
    },
    "extend-grunt-plugin": {
      "version": "0.0.1",
      "resolved": "https://registry.npmjs.org/extend-grunt-plugin/-/extend-grunt-plugin-0.0.1.tgz",
      "integrity": "sha1-zgdaDWH5faTRgqhsVH/9L64L/jM=",
      "dev": true
    },
    "figures": {
      "version": "1.7.0",
      "resolved": "https://registry.npmjs.org/figures/-/figures-1.7.0.tgz",
      "integrity": "sha1-y+Hjr/zxzUS4DK3+0o3Hk6lwHS4=",
      "dev": true,
      "requires": {
        "escape-string-regexp": "1.0.5",
        "object-assign": "4.1.1"
      }
    },
    "find-up": {
      "version": "1.1.2",
      "resolved": "https://registry.npmjs.org/find-up/-/find-up-1.1.2.tgz",
      "integrity": "sha1-ay6YIrGizgpgq2TWEOzK1TyyTQ8=",
      "dev": true,
      "requires": {
        "path-exists": "2.1.0",
        "pinkie-promise": "2.0.1"
      }
    },
    "fs.realpath": {
      "version": "1.0.0",
      "resolved": "https://registry.npmjs.org/fs.realpath/-/fs.realpath-1.0.0.tgz",
      "integrity": "sha1-FQStJSMVjKpA20onh8sBQRmU6k8=",
      "dev": true
    },
    "glob": {
      "version": "7.1.2",
      "resolved": "https://registry.npmjs.org/glob/-/glob-7.1.2.tgz",
      "integrity": "sha512-MJTUg1kjuLeQCJ+ccE4Vpa6kKVXkPYJ2mOCQyUuKLcLQsdrMCpBPUi8qVE6+YuaJkozeA9NusTAw3hLr8Xe5EQ==",
      "dev": true,
      "requires": {
        "fs.realpath": "1.0.0",
        "inflight": "1.0.6",
        "inherits": "2.0.3",
        "minimatch": "3.0.4",
        "once": "1.4.0",
        "path-is-absolute": "1.0.1"
      }
    },
    "grunt-bump": {
      "version": "0.3.1",
      "resolved": "https://registry.npmjs.org/grunt-bump/-/grunt-bump-0.3.1.tgz",
      "integrity": "sha1-R3uLVpIRD/7/xRQ9MKcAs5BuoUo=",
      "dev": true,
      "requires": {
        "semver": "4.3.6"
      },
      "dependencies": {
        "semver": {
          "version": "4.3.6",
          "resolved": "https://registry.npmjs.org/semver/-/semver-4.3.6.tgz",
          "integrity": "sha1-MAvG4OhjdPe6YQaLWx7NV/xlMto=",
          "dev": true
        }
      }
    },
    "grunt-contrib-jshint": {
      "version": "1.1.0",
      "resolved": "https://registry.npmjs.org/grunt-contrib-jshint/-/grunt-contrib-jshint-1.1.0.tgz",
      "integrity": "sha1-Np2QmyWTxA6L55lAshNAhQx5Oaw=",
      "dev": true,
      "requires": {
        "chalk": "1.1.3",
        "hooker": "0.2.3",
        "jshint": "2.9.5"
      },
      "dependencies": {
        "ansi-styles": {
          "version": "2.2.1",
          "resolved": "https://registry.npmjs.org/ansi-styles/-/ansi-styles-2.2.1.tgz",
          "integrity": "sha1-tDLdM1i2NM914eRmQ2gkBTPB3b4=",
          "dev": true
        },
        "chalk": {
          "version": "1.1.3",
          "resolved": "https://registry.npmjs.org/chalk/-/chalk-1.1.3.tgz",
          "integrity": "sha1-qBFcVeSnAv5NFQq9OHKCKn4J/Jg=",
          "dev": true,
          "requires": {
            "ansi-styles": "2.2.1",
            "escape-string-regexp": "1.0.5",
            "has-ansi": "2.0.0",
            "strip-ansi": "3.0.1",
            "supports-color": "2.0.0"
          }
        },
        "supports-color": {
          "version": "2.0.0",
          "resolved": "https://registry.npmjs.org/supports-color/-/supports-color-2.0.0.tgz",
          "integrity": "sha1-U10EXOa2Nj+kARcIRimZXp3zJMc=",
          "dev": true
        }
      }
    },
    "grunt-sg-release": {
      "version": "1.0.0",
      "resolved": "https://registry.npmjs.org/grunt-sg-release/-/grunt-sg-release-1.0.0.tgz",
      "integrity": "sha1-uJ3Q1TCirOBtVkANTo9aIYtwtqQ=",
      "dev": true,
      "requires": {
        "extend-grunt-plugin": "0.0.1",
        "grunt-bump": "0.3.1",
        "inquirer": "0.5.1",
        "semver": "2.3.1",
        "which": "1.0.5"
      }
    },
    "has-ansi": {
      "version": "2.0.0",
      "resolved": "https://registry.npmjs.org/has-ansi/-/has-ansi-2.0.0.tgz",
      "integrity": "sha1-NPUEnOHs3ysGSa8+8k5F7TVBbZE=",
      "dev": true,
      "requires": {
        "ansi-regex": "2.1.1"
      }
    },
    "has-color": {
      "version": "0.1.7",
      "resolved": "https://registry.npmjs.org/has-color/-/has-color-0.1.7.tgz",
      "integrity": "sha1-ZxRKUmDDT8PMpnfQQdr1L+e3iy8=",
      "dev": true
    },
    "has-flag": {
      "version": "3.0.0",
      "resolved": "https://registry.npmjs.org/has-flag/-/has-flag-3.0.0.tgz",
      "integrity": "sha1-tdRU3CGZriJWmfNGfloH87lVuv0="
    },
    "hooker": {
      "version": "0.2.3",
      "resolved": "https://registry.npmjs.org/hooker/-/hooker-0.2.3.tgz",
      "integrity": "sha1-uDT3I8xKJCqmWWNFnfbZhMXT2Vk=",
      "dev": true
    },
    "htmlparser2": {
      "version": "3.8.3",
      "resolved": "https://registry.npmjs.org/htmlparser2/-/htmlparser2-3.8.3.tgz",
      "integrity": "sha1-mWwosZFRaovoZQGn15dX5ccMEGg=",
      "dev": true,
      "requires": {
        "domelementtype": "1.3.0",
        "domhandler": "2.3.0",
        "domutils": "1.5.1",
        "entities": "1.0.0",
        "readable-stream": "1.1.14"
      }
    },
    "inflight": {
      "version": "1.0.6",
      "resolved": "https://registry.npmjs.org/inflight/-/inflight-1.0.6.tgz",
      "integrity": "sha1-Sb1jMdfQLQwJvJEKEHW6gWW1bfk=",
      "dev": true,
      "requires": {
        "once": "1.4.0",
        "wrappy": "1.0.2"
      }
    },
    "inherits": {
      "version": "2.0.3",
      "resolved": "https://registry.npmjs.org/inherits/-/inherits-2.0.3.tgz",
      "integrity": "sha1-Yzwsg+PaQqUC9SRmAiSA9CCCYd4=",
      "dev": true
    },
    "inquirer": {
      "version": "0.5.1",
      "resolved": "https://registry.npmjs.org/inquirer/-/inquirer-0.5.1.tgz",
      "integrity": "sha1-6fLNHuFyx6MuBUt4oD1N2w13B/E=",
      "dev": true,
      "requires": {
        "async": "0.8.0",
        "chalk": "0.4.0",
        "cli-color": "0.3.3",
        "lodash": "2.4.2",
        "mute-stream": "0.0.4",
        "readline2": "0.1.1",
        "through": "2.3.8"
      },
      "dependencies": {
        "ansi-styles": {
          "version": "1.0.0",
          "resolved": "https://registry.npmjs.org/ansi-styles/-/ansi-styles-1.0.0.tgz",
          "integrity": "sha1-yxAt8cVvUSPquLZ817mAJ6AnkXg=",
          "dev": true
        },
        "chalk": {
          "version": "0.4.0",
          "resolved": "https://registry.npmjs.org/chalk/-/chalk-0.4.0.tgz",
          "integrity": "sha1-UZmj3c0MHv4jvAjBsCewYXbgxk8=",
          "dev": true,
          "requires": {
            "ansi-styles": "1.0.0",
            "has-color": "0.1.7",
            "strip-ansi": "0.1.1"
          }
        },
        "strip-ansi": {
          "version": "0.1.1",
          "resolved": "https://registry.npmjs.org/strip-ansi/-/strip-ansi-0.1.1.tgz",
          "integrity": "sha1-OeipjQRNFQZgq+SmgIrPcLt7yZE=",
          "dev": true
        }
      }
    },
    "irregular-plurals": {
      "version": "1.4.0",
      "resolved": "https://registry.npmjs.org/irregular-plurals/-/irregular-plurals-1.4.0.tgz",
      "integrity": "sha1-LKmwM2UREYVUEvFr5dd8YqRYp2Y=",
      "dev": true
    },
    "is-finite": {
      "version": "1.0.2",
      "resolved": "https://registry.npmjs.org/is-finite/-/is-finite-1.0.2.tgz",
      "integrity": "sha1-zGZ3aVYCvlUO8R6LSqYwU0K20Ko=",
      "dev": true,
      "requires": {
        "number-is-nan": "1.0.1"
      }
    },
    "isarray": {
      "version": "0.0.1",
      "resolved": "https://registry.npmjs.org/isarray/-/isarray-0.0.1.tgz",
      "integrity": "sha1-ihis/Kmo9Bd+Cav8YDiTmwXR7t8=",
      "dev": true
    },
    "jshint": {
      "version": "2.9.5",
      "resolved": "https://registry.npmjs.org/jshint/-/jshint-2.9.5.tgz",
      "integrity": "sha1-HnJSkVzmgbQIJ+4UJIxG006apiw=",
      "dev": true,
      "requires": {
        "cli": "1.0.1",
        "console-browserify": "1.1.0",
        "exit": "0.1.2",
        "htmlparser2": "3.8.3",
        "lodash": "3.7.0",
        "minimatch": "3.0.4",
        "shelljs": "0.3.0",
        "strip-json-comments": "1.0.4"
      },
      "dependencies": {
        "lodash": {
          "version": "3.7.0",
          "resolved": "https://registry.npmjs.org/lodash/-/lodash-3.7.0.tgz",
          "integrity": "sha1-Nni9irmVBXwHreg27S7wh9qBHUU=",
          "dev": true
        }
      }
    },
    "jshint-stylish": {
      "version": "2.2.1",
      "resolved": "https://registry.npmjs.org/jshint-stylish/-/jshint-stylish-2.2.1.tgz",
      "integrity": "sha1-JCCCosA1rgP9gQROBXDMQgjPbmE=",
      "dev": true,
      "requires": {
        "beeper": "1.1.1",
        "chalk": "1.1.3",
        "log-symbols": "1.0.2",
        "plur": "2.1.2",
        "string-length": "1.0.1",
        "text-table": "0.2.0"
      },
      "dependencies": {
        "ansi-styles": {
          "version": "2.2.1",
          "resolved": "https://registry.npmjs.org/ansi-styles/-/ansi-styles-2.2.1.tgz",
          "integrity": "sha1-tDLdM1i2NM914eRmQ2gkBTPB3b4=",
          "dev": true
        },
        "chalk": {
          "version": "1.1.3",
          "resolved": "https://registry.npmjs.org/chalk/-/chalk-1.1.3.tgz",
          "integrity": "sha1-qBFcVeSnAv5NFQq9OHKCKn4J/Jg=",
          "dev": true,
          "requires": {
            "ansi-styles": "2.2.1",
            "escape-string-regexp": "1.0.5",
            "has-ansi": "2.0.0",
            "strip-ansi": "3.0.1",
            "supports-color": "2.0.0"
          }
        },
        "log-symbols": {
          "version": "1.0.2",
          "resolved": "https://registry.npmjs.org/log-symbols/-/log-symbols-1.0.2.tgz",
          "integrity": "sha1-N2/3tY6jCGoPCfrMdGF+ylAeGhg=",
          "dev": true,
          "requires": {
            "chalk": "1.1.3"
          }
        },
        "supports-color": {
          "version": "2.0.0",
          "resolved": "https://registry.npmjs.org/supports-color/-/supports-color-2.0.0.tgz",
          "integrity": "sha1-U10EXOa2Nj+kARcIRimZXp3zJMc=",
          "dev": true
        }
      }
    },
    "load-grunt-tasks": {
      "version": "3.5.2",
      "resolved": "https://registry.npmjs.org/load-grunt-tasks/-/load-grunt-tasks-3.5.2.tgz",
      "integrity": "sha1-ByhWEYD9IP+KaSdQWFL8WKrqDIg=",
      "dev": true,
      "requires": {
        "arrify": "1.0.1",
        "multimatch": "2.1.0",
        "pkg-up": "1.0.0",
        "resolve-pkg": "0.1.0"
      }
    },
    "lodash": {
      "version": "2.4.2",
      "resolved": "https://registry.npmjs.org/lodash/-/lodash-2.4.2.tgz",
      "integrity": "sha1-+t2DS5aDBz2hebPq5tnA0VBT9z4=",
      "dev": true
    },
    "log-symbols": {
      "version": "2.2.0",
      "resolved": "https://registry.npmjs.org/log-symbols/-/log-symbols-2.2.0.tgz",
      "integrity": "sha512-VeIAFslyIerEJLXHziedo2basKbMKtTw3vfn5IzG0XTjhAVEJyNHnL2p7vc+wBDSdQuUpNw3M2u6xb9QsAY5Eg==",
      "requires": {
        "chalk": "2.3.2"
      }
    },
    "lru-queue": {
      "version": "0.1.0",
      "resolved": "https://registry.npmjs.org/lru-queue/-/lru-queue-0.1.0.tgz",
      "integrity": "sha1-Jzi9nw089PhEkMVzbEhpmsYyzaM=",
      "dev": true,
      "requires": {
        "es5-ext": "0.10.42"
      }
    },
    "memoizee": {
      "version": "0.3.10",
      "resolved": "https://registry.npmjs.org/memoizee/-/memoizee-0.3.10.tgz",
      "integrity": "sha1-TsoNiu057J0Bf0xcLy9kMvQuXI8=",
      "dev": true,
      "requires": {
        "d": "0.1.1",
        "es5-ext": "0.10.42",
        "es6-weak-map": "0.1.4",
        "event-emitter": "0.3.5",
        "lru-queue": "0.1.0",
        "next-tick": "0.2.2",
        "timers-ext": "0.1.5"
      },
      "dependencies": {
        "next-tick": {
          "version": "0.2.2",
          "resolved": "https://registry.npmjs.org/next-tick/-/next-tick-0.2.2.tgz",
          "integrity": "sha1-ddpKkn7liH45BliABltzNkE7MQ0=",
          "dev": true
        }
      }
    },
    "minimatch": {
      "version": "3.0.4",
      "resolved": "https://registry.npmjs.org/minimatch/-/minimatch-3.0.4.tgz",
      "integrity": "sha512-yJHVQEhyqPLUTgt9B83PXu6W3rx4MvvHvSUvToogpwoGDOUQ+yDrR0HRot+yOCdCO7u4hX3pWft6kWBBcqh0UA==",
      "dev": true,
      "requires": {
        "brace-expansion": "1.1.11"
      }
    },
    "multimatch": {
      "version": "2.1.0",
      "resolved": "https://registry.npmjs.org/multimatch/-/multimatch-2.1.0.tgz",
      "integrity": "sha1-nHkGoi+0wCkZ4vX3UWG0zb1LKis=",
      "dev": true,
      "requires": {
        "array-differ": "1.0.0",
        "array-union": "1.0.2",
        "arrify": "1.0.1",
        "minimatch": "3.0.4"
      },
      "dependencies": {
        "minimatch": {
          "version": "3.0.4",
          "resolved": "https://registry.npmjs.org/minimatch/-/minimatch-3.0.4.tgz",
          "integrity": "sha512-yJHVQEhyqPLUTgt9B83PXu6W3rx4MvvHvSUvToogpwoGDOUQ+yDrR0HRot+yOCdCO7u4hX3pWft6kWBBcqh0UA==",
          "dev": true,
          "requires": {
            "brace-expansion": "1.1.11"
          }
        }
      }
    },
    "mute-stream": {
      "version": "0.0.4",
      "resolved": "https://registry.npmjs.org/mute-stream/-/mute-stream-0.0.4.tgz",
      "integrity": "sha1-qSGZYKbV1dBGWXruUSUsZlX3F34=",
      "dev": true
    },
    "next-tick": {
      "version": "1.0.0",
      "resolved": "https://registry.npmjs.org/next-tick/-/next-tick-1.0.0.tgz",
      "integrity": "sha1-yobR/ogoFpsBICCOPchCS524NCw=",
      "dev": true
    },
    "number-is-nan": {
      "version": "1.0.1",
      "resolved": "https://registry.npmjs.org/number-is-nan/-/number-is-nan-1.0.1.tgz",
      "integrity": "sha1-CXtgK1NCKlIsGvuHkDGDNpQaAR0=",
      "dev": true
    },
    "object-assign": {
      "version": "4.1.1",
      "resolved": "https://registry.npmjs.org/object-assign/-/object-assign-4.1.1.tgz",
      "integrity": "sha1-IQmtx5ZYh8/AXLvUQsrIv7s2CGM=",
      "dev": true
    },
    "once": {
      "version": "1.4.0",
      "resolved": "https://registry.npmjs.org/once/-/once-1.4.0.tgz",
      "integrity": "sha1-WDsap3WWHUsROsF9nFC6753Xa9E=",
      "dev": true,
      "requires": {
        "wrappy": "1.0.2"
      }
    },
    "parse-ms": {
      "version": "1.0.1",
      "resolved": "https://registry.npmjs.org/parse-ms/-/parse-ms-1.0.1.tgz",
      "integrity": "sha1-VjRtR0nXjyNDDKDHE4UK75GqNh0=",
      "dev": true
    },
    "path-exists": {
      "version": "2.1.0",
      "resolved": "https://registry.npmjs.org/path-exists/-/path-exists-2.1.0.tgz",
      "integrity": "sha1-D+tsZPD8UY2adU3V77YscCJ2H0s=",
      "dev": true,
      "requires": {
        "pinkie-promise": "2.0.1"
      }
    },
    "path-is-absolute": {
      "version": "1.0.1",
      "resolved": "https://registry.npmjs.org/path-is-absolute/-/path-is-absolute-1.0.1.tgz",
      "integrity": "sha1-F0uSaHNVNP+8es5r9TpanhtcX18=",
      "dev": true
    },
    "pinkie": {
      "version": "2.0.4",
      "resolved": "https://registry.npmjs.org/pinkie/-/pinkie-2.0.4.tgz",
      "integrity": "sha1-clVrgM+g1IqXToDnckjoDtT3+HA=",
      "dev": true
    },
    "pinkie-promise": {
      "version": "2.0.1",
      "resolved": "https://registry.npmjs.org/pinkie-promise/-/pinkie-promise-2.0.1.tgz",
      "integrity": "sha1-ITXW36ejWMBprJsXh3YogihFD/o=",
      "dev": true,
      "requires": {
        "pinkie": "2.0.4"
      }
    },
    "pkg-up": {
      "version": "1.0.0",
      "resolved": "https://registry.npmjs.org/pkg-up/-/pkg-up-1.0.0.tgz",
      "integrity": "sha1-Pgj7RhUlxEIWJKM7n35tCvWwWiY=",
      "dev": true,
      "requires": {
        "find-up": "1.1.2"
      }
    },
    "plur": {
      "version": "2.1.2",
      "resolved": "https://registry.npmjs.org/plur/-/plur-2.1.2.tgz",
      "integrity": "sha1-dIJFLBoPUI4+NE6uwxLJHCncZVo=",
      "dev": true,
      "requires": {
        "irregular-plurals": "1.4.0"
      }
    },
    "pretty-ms": {
      "version": "2.1.0",
      "resolved": "https://registry.npmjs.org/pretty-ms/-/pretty-ms-2.1.0.tgz",
      "integrity": "sha1-QlfCVt8/sLRR1q/6qwIYhBJpgdw=",
      "dev": true,
      "requires": {
        "is-finite": "1.0.2",
        "parse-ms": "1.0.1",
        "plur": "1.0.0"
      },
      "dependencies": {
        "plur": {
          "version": "1.0.0",
          "resolved": "https://registry.npmjs.org/plur/-/plur-1.0.0.tgz",
          "integrity": "sha1-24XGgU9eXlo7Se/CjWBP7GKXUVY=",
          "dev": true
        }
      }
    },
    "readable-stream": {
      "version": "1.1.14",
      "resolved": "https://registry.npmjs.org/readable-stream/-/readable-stream-1.1.14.tgz",
      "integrity": "sha1-fPTFTvZI44EwhMY23SB54WbAgdk=",
      "dev": true,
      "requires": {
        "core-util-is": "1.0.2",
        "inherits": "2.0.3",
        "isarray": "0.0.1",
        "string_decoder": "0.10.31"
      }
    },
    "readline2": {
      "version": "0.1.1",
      "resolved": "https://registry.npmjs.org/readline2/-/readline2-0.1.1.tgz",
      "integrity": "sha1-mUQ7pug7gw7zBRv9fcJBqCco1Wg=",
      "dev": true,
      "requires": {
        "mute-stream": "0.0.4",
        "strip-ansi": "2.0.1"
      },
      "dependencies": {
        "ansi-regex": {
          "version": "1.1.1",
          "resolved": "https://registry.npmjs.org/ansi-regex/-/ansi-regex-1.1.1.tgz",
          "integrity": "sha1-QchHGUZGN15qGl0Qw8oFTvn8mA0=",
          "dev": true
        },
        "strip-ansi": {
          "version": "2.0.1",
          "resolved": "https://registry.npmjs.org/strip-ansi/-/strip-ansi-2.0.1.tgz",
          "integrity": "sha1-32LBqpTtLxFOHQ8h/R1QSCt5pg4=",
          "dev": true,
          "requires": {
            "ansi-regex": "1.1.1"
          }
        }
      }
    },
    "resolve-from": {
      "version": "2.0.0",
      "resolved": "https://registry.npmjs.org/resolve-from/-/resolve-from-2.0.0.tgz",
      "integrity": "sha1-lICrIOlP+h2egKgEx+oUdhGWa1c=",
      "dev": true
    },
    "resolve-pkg": {
      "version": "0.1.0",
      "resolved": "https://registry.npmjs.org/resolve-pkg/-/resolve-pkg-0.1.0.tgz",
      "integrity": "sha1-AsyZNBDik2livZcWahsHfalyVTE=",
      "dev": true,
      "requires": {
        "resolve-from": "2.0.0"
      }
    },
    "semver": {
      "version": "2.3.1",
      "resolved": "https://registry.npmjs.org/semver/-/semver-2.3.1.tgz",
      "integrity": "sha1-b2XufRrtdTzfndpw5WMaP7QqW+4=",
      "dev": true
    },
    "shelljs": {
      "version": "0.3.0",
      "resolved": "https://registry.npmjs.org/shelljs/-/shelljs-0.3.0.tgz",
      "integrity": "sha1-NZbmMHp4FUT1kfN9phg2DzHbV7E=",
      "dev": true
    },
    "string-length": {
      "version": "1.0.1",
      "resolved": "https://registry.npmjs.org/string-length/-/string-length-1.0.1.tgz",
      "integrity": "sha1-VpcPscOFWOnnC3KL894mmsRa36w=",
      "dev": true,
      "requires": {
        "strip-ansi": "3.0.1"
      }
    },
    "string_decoder": {
      "version": "0.10.31",
      "resolved": "https://registry.npmjs.org/string_decoder/-/string_decoder-0.10.31.tgz",
      "integrity": "sha1-YuIDvEF2bGwoyfyEMB2rHFMQ+pQ=",
      "dev": true
    },
    "strip-ansi": {
      "version": "3.0.1",
      "resolved": "https://registry.npmjs.org/strip-ansi/-/strip-ansi-3.0.1.tgz",
      "integrity": "sha1-ajhfuIU9lS1f8F0Oiq+UJ43GPc8=",
      "dev": true,
      "requires": {
        "ansi-regex": "2.1.1"
      }
    },
    "strip-json-comments": {
      "version": "1.0.4",
      "resolved": "https://registry.npmjs.org/strip-json-comments/-/strip-json-comments-1.0.4.tgz",
      "integrity": "sha1-HhX7ysl9Pumb8tc7TGVrCCu6+5E=",
      "dev": true
    },
    "supports-color": {
      "version": "5.3.0",
      "resolved": "https://registry.npmjs.org/supports-color/-/supports-color-5.3.0.tgz",
      "integrity": "sha512-0aP01LLIskjKs3lq52EC0aGBAJhLq7B2Rd8HC/DR/PtNNpcLilNmHC12O+hu0usQpo7wtHNRqtrhBwtDb0+dNg==",
      "requires": {
        "has-flag": "3.0.0"
      }
    },
    "text-table": {
      "version": "0.2.0",
      "resolved": "https://registry.npmjs.org/text-table/-/text-table-0.2.0.tgz",
      "integrity": "sha1-f17oI66AUgfACvLfSoTsP8+lcLQ=",
      "dev": true
    },
    "through": {
      "version": "2.3.8",
      "resolved": "https://registry.npmjs.org/through/-/through-2.3.8.tgz",
      "integrity": "sha1-DdTJ/6q8NXlgsbckEV1+Doai4fU=",
      "dev": true
    },
    "time-grunt": {
      "version": "1.4.0",
      "resolved": "https://registry.npmjs.org/time-grunt/-/time-grunt-1.4.0.tgz",
      "integrity": "sha1-BiIT5mDJB+hvRAVWwB6mWXtxJCA=",
      "dev": true,
      "requires": {
        "chalk": "1.1.3",
        "date-time": "1.1.0",
        "figures": "1.7.0",
        "hooker": "0.2.3",
        "number-is-nan": "1.0.1",
        "pretty-ms": "2.1.0",
        "text-table": "0.2.0"
      },
      "dependencies": {
        "ansi-styles": {
          "version": "2.2.1",
          "resolved": "https://registry.npmjs.org/ansi-styles/-/ansi-styles-2.2.1.tgz",
          "integrity": "sha1-tDLdM1i2NM914eRmQ2gkBTPB3b4=",
          "dev": true
        },
        "chalk": {
          "version": "1.1.3",
          "resolved": "https://registry.npmjs.org/chalk/-/chalk-1.1.3.tgz",
          "integrity": "sha1-qBFcVeSnAv5NFQq9OHKCKn4J/Jg=",
          "dev": true,
          "requires": {
            "ansi-styles": "2.2.1",
            "escape-string-regexp": "1.0.5",
            "has-ansi": "2.0.0",
            "strip-ansi": "3.0.1",
            "supports-color": "2.0.0"
          }
        },
        "supports-color": {
          "version": "2.0.0",
          "resolved": "https://registry.npmjs.org/supports-color/-/supports-color-2.0.0.tgz",
          "integrity": "sha1-U10EXOa2Nj+kARcIRimZXp3zJMc=",
          "dev": true
        }
      }
    },
    "time-zone": {
      "version": "0.1.0",
      "resolved": "https://registry.npmjs.org/time-zone/-/time-zone-0.1.0.tgz",
      "integrity": "sha1-Sncotqwo2w4Aj1FAQ/1VW9VXO0Y=",
      "dev": true
    },
    "timers-ext": {
      "version": "0.1.5",
      "resolved": "https://registry.npmjs.org/timers-ext/-/timers-ext-0.1.5.tgz",
      "integrity": "sha512-tsEStd7kmACHENhsUPaxb8Jf8/+GZZxyNFQbZD07HQOyooOa6At1rQqjffgvg7n+dxscQa9cjjMdWhJtsP2sxg==",
      "dev": true,
      "requires": {
        "es5-ext": "0.10.42",
        "next-tick": "1.0.0"
      }
    },
    "which": {
      "version": "1.0.5",
      "resolved": "https://registry.npmjs.org/which/-/which-1.0.5.tgz",
      "integrity": "sha1-VjDWgZ3aaS8UZEYueVbLQsCEJzk=",
      "dev": true
    },
    "wrappy": {
      "version": "1.0.2",
      "resolved": "https://registry.npmjs.org/wrappy/-/wrappy-1.0.2.tgz",
      "integrity": "sha1-tSQ9jz7BqjXxNkYFvA0QNuMKtp8=",
      "dev": true
    }
  }
}
